// !$*UTF8*$!
{
	archiveVersion = 1;
	classes = {
	};
	objectVersion = 55;
	objects = {

/* Begin PBXBuildFile section */
		FA21FEC028C20107000E4FF5 /* CryptoTApp.swift in Sources */ = {isa = PBXBuildFile; fileRef = FA21FEBF28C20107000E4FF5 /* CryptoTApp.swift */; };
		FA21FEC428C2010B000E4FF5 /* Assets.xcassets in Resources */ = {isa = PBXBuildFile; fileRef = FA21FEC328C2010B000E4FF5 /* Assets.xcassets */; };
		FA21FEC728C2010B000E4FF5 /* Preview Assets.xcassets in Resources */ = {isa = PBXBuildFile; fileRef = FA21FEC628C2010B000E4FF5 /* Preview Assets.xcassets */; };
		FA21FED128C2010B000E4FF5 /* CryptoTTests.swift in Sources */ = {isa = PBXBuildFile; fileRef = FA21FED028C2010B000E4FF5 /* CryptoTTests.swift */; };
		FA21FEDB28C2010B000E4FF5 /* CryptoTUITests.swift in Sources */ = {isa = PBXBuildFile; fileRef = FA21FEDA28C2010B000E4FF5 /* CryptoTUITests.swift */; };
		FA21FEDD28C2010B000E4FF5 /* CryptoTUITestsLaunchTests.swift in Sources */ = {isa = PBXBuildFile; fileRef = FA21FEDC28C2010B000E4FF5 /* CryptoTUITestsLaunchTests.swift */; };
		FA21FEEB28C25A57000E4FF5 /* Color.swift in Sources */ = {isa = PBXBuildFile; fileRef = FA21FEEA28C25A57000E4FF5 /* Color.swift */; };
		FA2264C828D99FF0000C9C38 /* ObservableValue.swift in Sources */ = {isa = PBXBuildFile; fileRef = FA2264C728D99FF0000C9C38 /* ObservableValue.swift */; };
		FA8497E628D1BCB000EE5423 /* HapticManager.swift in Sources */ = {isa = PBXBuildFile; fileRef = FA8497E528D1BCAF00EE5423 /* HapticManager.swift */; };
		FA8497EB28D1F5D800EE5423 /* DetailView.swift in Sources */ = {isa = PBXBuildFile; fileRef = FA8497EA28D1F5D800EE5423 /* DetailView.swift */; };
		FA8497ED28D2151900EE5423 /* CoinDetail.swift in Sources */ = {isa = PBXBuildFile; fileRef = FA8497EC28D2151900EE5423 /* CoinDetail.swift */; };
		FA8497EF28D21AE700EE5423 /* DetailViewModel.swift in Sources */ = {isa = PBXBuildFile; fileRef = FA8497EE28D21AE700EE5423 /* DetailViewModel.swift */; };
		FA8497F128D21B2600EE5423 /* CoinDetailDataService.swift in Sources */ = {isa = PBXBuildFile; fileRef = FA8497F028D21B2600EE5423 /* CoinDetailDataService.swift */; };
		FA8497F328D2428600EE5423 /* ChartView.swift in Sources */ = {isa = PBXBuildFile; fileRef = FA8497F228D2428600EE5423 /* ChartView.swift */; };
		FA8497F528D24E7500EE5423 /* Date.swift in Sources */ = {isa = PBXBuildFile; fileRef = FA8497F428D24E7500EE5423 /* Date.swift */; };
		FA8497F728D2FE9B00EE5423 /* String.swift in Sources */ = {isa = PBXBuildFile; fileRef = FA8497F628D2FE9B00EE5423 /* String.swift */; };
		FA8497FB28D3083000EE5423 /* SettingsView.swift in Sources */ = {isa = PBXBuildFile; fileRef = FA8497FA28D3083000EE5423 /* SettingsView.swift */; };
		FA8497FF28D3219900EE5423 /* LaunchScreen.storyboard in Resources */ = {isa = PBXBuildFile; fileRef = FA8497FE28D3219900EE5423 /* LaunchScreen.storyboard */; };
		FAF4320528E18F6500091911 /* MockURLProtocol.swift in Sources */ = {isa = PBXBuildFile; fileRef = FAF4320428E18F6500091911 /* MockURLProtocol.swift */; };
		FAF4320728E18FBB00091911 /* CoinDataServiceTests.swift in Sources */ = {isa = PBXBuildFile; fileRef = FAF4320628E18FBB00091911 /* CoinDataServiceTests.swift */; };
		FAF4320928E1AC1800091911 /* MockCoinDataService.swift in Sources */ = {isa = PBXBuildFile; fileRef = FAF4320828E1AC1800091911 /* MockCoinDataService.swift */; };
		FAF4320B28E1AC5700091911 /* HomeViewModelTests.swift in Sources */ = {isa = PBXBuildFile; fileRef = FAF4320A28E1AC5700091911 /* HomeViewModelTests.swift */; };
		FAFB5C5A28D06A4100E6618E /* Statistic.swift in Sources */ = {isa = PBXBuildFile; fileRef = FAFB5C5928D06A4100E6618E /* Statistic.swift */; };
		FAFB5C5C28D06BEB00E6618E /* StatisticView.swift in Sources */ = {isa = PBXBuildFile; fileRef = FAFB5C5B28D06BEB00E6618E /* StatisticView.swift */; };
		FAFB5C5E28D070C400E6618E /* HomeStatsView.swift in Sources */ = {isa = PBXBuildFile; fileRef = FAFB5C5D28D070C400E6618E /* HomeStatsView.swift */; };
		FAFB5C6028D078DE00E6618E /* MarketData.swift in Sources */ = {isa = PBXBuildFile; fileRef = FAFB5C5F28D078DE00E6618E /* MarketData.swift */; };
		FAFB5C6228D07EC800E6618E /* MarketDataService.swift in Sources */ = {isa = PBXBuildFile; fileRef = FAFB5C6128D07EC800E6618E /* MarketDataService.swift */; };
		FAFB5C6428D0B5ED00E6618E /* PortfolioView.swift in Sources */ = {isa = PBXBuildFile; fileRef = FAFB5C6328D0B5ED00E6618E /* PortfolioView.swift */; };
		FAFB5C6628D0B95D00E6618E /* XMarkButton.swift in Sources */ = {isa = PBXBuildFile; fileRef = FAFB5C6528D0B95D00E6618E /* XMarkButton.swift */; };
		FAFB5C6828D0C13600E6618E /* CoinLogoView.swift in Sources */ = {isa = PBXBuildFile; fileRef = FAFB5C6728D0C13600E6618E /* CoinLogoView.swift */; };
		FAFB5C6B28D0DF7100E6618E /* PortfolioContainer.xcdatamodeld in Sources */ = {isa = PBXBuildFile; fileRef = FAFB5C6928D0DF7100E6618E /* PortfolioContainer.xcdatamodeld */; };
		FAFB5C6D28D0E05700E6618E /* PortfolioDataService.swift in Sources */ = {isa = PBXBuildFile; fileRef = FAFB5C6C28D0E05700E6618E /* PortfolioDataService.swift */; };
		FAFD90DD28CB2BF00061357F /* HomeView.swift in Sources */ = {isa = PBXBuildFile; fileRef = FAFD90DC28CB2BF00061357F /* HomeView.swift */; };
		FAFD90E128CB2E080061357F /* CircleButtonView.swift in Sources */ = {isa = PBXBuildFile; fileRef = FAFD90E028CB2E080061357F /* CircleButtonView.swift */; };
		FAFD90E328CB41410061357F /* CircleButtonAnimationView.swift in Sources */ = {isa = PBXBuildFile; fileRef = FAFD90E228CB41410061357F /* CircleButtonAnimationView.swift */; };
		FAFD90E528CB860A0061357F /* CoinRowView.swift in Sources */ = {isa = PBXBuildFile; fileRef = FAFD90E428CB860A0061357F /* CoinRowView.swift */; };
		FAFD90E828CB86670061357F /* Coin.swift in Sources */ = {isa = PBXBuildFile; fileRef = FAFD90E728CB86670061357F /* Coin.swift */; };
		FAFD90EA28CB8D6B0061357F /* PreviewProvider.swift in Sources */ = {isa = PBXBuildFile; fileRef = FAFD90E928CB8D6B0061357F /* PreviewProvider.swift */; };
		FAFD90EC28CB94E50061357F /* Double.swift in Sources */ = {isa = PBXBuildFile; fileRef = FAFD90EB28CB94E50061357F /* Double.swift */; };
		FAFD90EE28CB988E0061357F /* HomeViewModel.swift in Sources */ = {isa = PBXBuildFile; fileRef = FAFD90ED28CB988E0061357F /* HomeViewModel.swift */; };
		FAFD90F128CC83360061357F /* CoinDataService.swift in Sources */ = {isa = PBXBuildFile; fileRef = FAFD90F028CC83360061357F /* CoinDataService.swift */; };
		FAFD914828CDCADB0061357F /* NetworkingManager.swift in Sources */ = {isa = PBXBuildFile; fileRef = FAFD914728CDCADB0061357F /* NetworkingManager.swift */; };
		FAFD914B28CE10490061357F /* CoinImageView.swift in Sources */ = {isa = PBXBuildFile; fileRef = FAFD914A28CE10490061357F /* CoinImageView.swift */; };
		FAFD914D28CE12B00061357F /* CoinImageService.swift in Sources */ = {isa = PBXBuildFile; fileRef = FAFD914C28CE12B00061357F /* CoinImageService.swift */; };
		FAFD914F28CE15080061357F /* CoinImageViewModel.swift in Sources */ = {isa = PBXBuildFile; fileRef = FAFD914E28CE15080061357F /* CoinImageViewModel.swift */; };
		FAFD915A28CF62D50061357F /* LocalFileManager.swift in Sources */ = {isa = PBXBuildFile; fileRef = FAFD915928CF62D50061357F /* LocalFileManager.swift */; };
		FAFD915C28CFAE870061357F /* SearchBarView.swift in Sources */ = {isa = PBXBuildFile; fileRef = FAFD915B28CFAE870061357F /* SearchBarView.swift */; };
		FAFD915E28CFB6110061357F /* UIApplication.swift in Sources */ = {isa = PBXBuildFile; fileRef = FAFD915D28CFB6110061357F /* UIApplication.swift */; };
/* End PBXBuildFile section */

/* Begin PBXContainerItemProxy section */
		FA21FECD28C2010B000E4FF5 /* PBXContainerItemProxy */ = {
			isa = PBXContainerItemProxy;
			containerPortal = FA21FEB428C20107000E4FF5 /* Project object */;
			proxyType = 1;
			remoteGlobalIDString = FA21FEBB28C20107000E4FF5;
			remoteInfo = CryptoT;
		};
		FA21FED728C2010B000E4FF5 /* PBXContainerItemProxy */ = {
			isa = PBXContainerItemProxy;
			containerPortal = FA21FEB428C20107000E4FF5 /* Project object */;
			proxyType = 1;
			remoteGlobalIDString = FA21FEBB28C20107000E4FF5;
			remoteInfo = CryptoT;
		};
/* End PBXContainerItemProxy section */

/* Begin PBXFileReference section */
		FA21FEBC28C20107000E4FF5 /* CryptoT.app */ = {isa = PBXFileReference; explicitFileType = wrapper.application; includeInIndex = 0; path = CryptoT.app; sourceTree = BUILT_PRODUCTS_DIR; };
		FA21FEBF28C20107000E4FF5 /* CryptoTApp.swift */ = {isa = PBXFileReference; lastKnownFileType = sourcecode.swift; path = CryptoTApp.swift; sourceTree = "<group>"; };
		FA21FEC328C2010B000E4FF5 /* Assets.xcassets */ = {isa = PBXFileReference; lastKnownFileType = folder.assetcatalog; path = Assets.xcassets; sourceTree = "<group>"; };
		FA21FEC628C2010B000E4FF5 /* Preview Assets.xcassets */ = {isa = PBXFileReference; lastKnownFileType = folder.assetcatalog; path = "Preview Assets.xcassets"; sourceTree = "<group>"; };
		FA21FECC28C2010B000E4FF5 /* CryptoTTests.xctest */ = {isa = PBXFileReference; explicitFileType = wrapper.cfbundle; includeInIndex = 0; path = CryptoTTests.xctest; sourceTree = BUILT_PRODUCTS_DIR; };
		FA21FED028C2010B000E4FF5 /* CryptoTTests.swift */ = {isa = PBXFileReference; lastKnownFileType = sourcecode.swift; path = CryptoTTests.swift; sourceTree = "<group>"; };
		FA21FED628C2010B000E4FF5 /* CryptoTUITests.xctest */ = {isa = PBXFileReference; explicitFileType = wrapper.cfbundle; includeInIndex = 0; path = CryptoTUITests.xctest; sourceTree = BUILT_PRODUCTS_DIR; };
		FA21FEDA28C2010B000E4FF5 /* CryptoTUITests.swift */ = {isa = PBXFileReference; lastKnownFileType = sourcecode.swift; path = CryptoTUITests.swift; sourceTree = "<group>"; };
		FA21FEDC28C2010B000E4FF5 /* CryptoTUITestsLaunchTests.swift */ = {isa = PBXFileReference; lastKnownFileType = sourcecode.swift; path = CryptoTUITestsLaunchTests.swift; sourceTree = "<group>"; };
		FA21FEEA28C25A57000E4FF5 /* Color.swift */ = {isa = PBXFileReference; lastKnownFileType = sourcecode.swift; path = Color.swift; sourceTree = "<group>"; };
		FA2264C728D99FF0000C9C38 /* ObservableValue.swift */ = {isa = PBXFileReference; lastKnownFileType = sourcecode.swift; path = ObservableValue.swift; sourceTree = "<group>"; };
		FA8497E528D1BCAF00EE5423 /* HapticManager.swift */ = {isa = PBXFileReference; lastKnownFileType = sourcecode.swift; path = HapticManager.swift; sourceTree = "<group>"; };
		FA8497EA28D1F5D800EE5423 /* DetailView.swift */ = {isa = PBXFileReference; lastKnownFileType = sourcecode.swift; path = DetailView.swift; sourceTree = "<group>"; };
		FA8497EC28D2151900EE5423 /* CoinDetail.swift */ = {isa = PBXFileReference; lastKnownFileType = sourcecode.swift; path = CoinDetail.swift; sourceTree = "<group>"; };
		FA8497EE28D21AE700EE5423 /* DetailViewModel.swift */ = {isa = PBXFileReference; lastKnownFileType = sourcecode.swift; path = DetailViewModel.swift; sourceTree = "<group>"; };
		FA8497F028D21B2600EE5423 /* CoinDetailDataService.swift */ = {isa = PBXFileReference; lastKnownFileType = sourcecode.swift; path = CoinDetailDataService.swift; sourceTree = "<group>"; };
		FA8497F228D2428600EE5423 /* ChartView.swift */ = {isa = PBXFileReference; lastKnownFileType = sourcecode.swift; path = ChartView.swift; sourceTree = "<group>"; };
		FA8497F428D24E7500EE5423 /* Date.swift */ = {isa = PBXFileReference; lastKnownFileType = sourcecode.swift; path = Date.swift; sourceTree = "<group>"; };
		FA8497F628D2FE9B00EE5423 /* String.swift */ = {isa = PBXFileReference; lastKnownFileType = sourcecode.swift; path = String.swift; sourceTree = "<group>"; };
		FA8497FA28D3083000EE5423 /* SettingsView.swift */ = {isa = PBXFileReference; lastKnownFileType = sourcecode.swift; path = SettingsView.swift; sourceTree = "<group>"; };
		FA8497FE28D3219900EE5423 /* LaunchScreen.storyboard */ = {isa = PBXFileReference; lastKnownFileType = file.storyboard; path = LaunchScreen.storyboard; sourceTree = "<group>"; };
		FAF4320428E18F6500091911 /* MockURLProtocol.swift */ = {isa = PBXFileReference; lastKnownFileType = sourcecode.swift; path = MockURLProtocol.swift; sourceTree = "<group>"; };
		FAF4320628E18FBB00091911 /* CoinDataServiceTests.swift */ = {isa = PBXFileReference; lastKnownFileType = sourcecode.swift; path = CoinDataServiceTests.swift; sourceTree = "<group>"; };
		FAF4320828E1AC1800091911 /* MockCoinDataService.swift */ = {isa = PBXFileReference; lastKnownFileType = sourcecode.swift; path = MockCoinDataService.swift; sourceTree = "<group>"; };
		FAF4320A28E1AC5700091911 /* HomeViewModelTests.swift */ = {isa = PBXFileReference; lastKnownFileType = sourcecode.swift; path = HomeViewModelTests.swift; sourceTree = "<group>"; };
		FAFB5C5928D06A4100E6618E /* Statistic.swift */ = {isa = PBXFileReference; lastKnownFileType = sourcecode.swift; path = Statistic.swift; sourceTree = "<group>"; };
		FAFB5C5B28D06BEB00E6618E /* StatisticView.swift */ = {isa = PBXFileReference; lastKnownFileType = sourcecode.swift; path = StatisticView.swift; sourceTree = "<group>"; };
		FAFB5C5D28D070C400E6618E /* HomeStatsView.swift */ = {isa = PBXFileReference; lastKnownFileType = sourcecode.swift; path = HomeStatsView.swift; sourceTree = "<group>"; };
		FAFB5C5F28D078DE00E6618E /* MarketData.swift */ = {isa = PBXFileReference; lastKnownFileType = sourcecode.swift; path = MarketData.swift; sourceTree = "<group>"; };
		FAFB5C6128D07EC800E6618E /* MarketDataService.swift */ = {isa = PBXFileReference; lastKnownFileType = sourcecode.swift; path = MarketDataService.swift; sourceTree = "<group>"; };
		FAFB5C6328D0B5ED00E6618E /* PortfolioView.swift */ = {isa = PBXFileReference; lastKnownFileType = sourcecode.swift; path = PortfolioView.swift; sourceTree = "<group>"; };
		FAFB5C6528D0B95D00E6618E /* XMarkButton.swift */ = {isa = PBXFileReference; lastKnownFileType = sourcecode.swift; path = XMarkButton.swift; sourceTree = "<group>"; };
		FAFB5C6728D0C13600E6618E /* CoinLogoView.swift */ = {isa = PBXFileReference; lastKnownFileType = sourcecode.swift; path = CoinLogoView.swift; sourceTree = "<group>"; };
		FAFB5C6A28D0DF7100E6618E /* PortfolioContainer.xcdatamodel */ = {isa = PBXFileReference; lastKnownFileType = wrapper.xcdatamodel; path = PortfolioContainer.xcdatamodel; sourceTree = "<group>"; };
		FAFB5C6C28D0E05700E6618E /* PortfolioDataService.swift */ = {isa = PBXFileReference; lastKnownFileType = sourcecode.swift; path = PortfolioDataService.swift; sourceTree = "<group>"; };
		FAFD90DC28CB2BF00061357F /* HomeView.swift */ = {isa = PBXFileReference; lastKnownFileType = sourcecode.swift; path = HomeView.swift; sourceTree = "<group>"; };
		FAFD90E028CB2E080061357F /* CircleButtonView.swift */ = {isa = PBXFileReference; lastKnownFileType = sourcecode.swift; path = CircleButtonView.swift; sourceTree = "<group>"; };
		FAFD90E228CB41410061357F /* CircleButtonAnimationView.swift */ = {isa = PBXFileReference; lastKnownFileType = sourcecode.swift; path = CircleButtonAnimationView.swift; sourceTree = "<group>"; };
		FAFD90E428CB860A0061357F /* CoinRowView.swift */ = {isa = PBXFileReference; lastKnownFileType = sourcecode.swift; path = CoinRowView.swift; sourceTree = "<group>"; };
		FAFD90E728CB86670061357F /* Coin.swift */ = {isa = PBXFileReference; lastKnownFileType = sourcecode.swift; path = Coin.swift; sourceTree = "<group>"; };
		FAFD90E928CB8D6B0061357F /* PreviewProvider.swift */ = {isa = PBXFileReference; lastKnownFileType = sourcecode.swift; path = PreviewProvider.swift; sourceTree = "<group>"; };
		FAFD90EB28CB94E50061357F /* Double.swift */ = {isa = PBXFileReference; lastKnownFileType = sourcecode.swift; path = Double.swift; sourceTree = "<group>"; };
		FAFD90ED28CB988E0061357F /* HomeViewModel.swift */ = {isa = PBXFileReference; lastKnownFileType = sourcecode.swift; path = HomeViewModel.swift; sourceTree = "<group>"; };
		FAFD90F028CC83360061357F /* CoinDataService.swift */ = {isa = PBXFileReference; lastKnownFileType = sourcecode.swift; path = CoinDataService.swift; sourceTree = "<group>"; };
		FAFD914728CDCADB0061357F /* NetworkingManager.swift */ = {isa = PBXFileReference; lastKnownFileType = sourcecode.swift; path = NetworkingManager.swift; sourceTree = "<group>"; };
		FAFD914A28CE10490061357F /* CoinImageView.swift */ = {isa = PBXFileReference; lastKnownFileType = sourcecode.swift; path = CoinImageView.swift; sourceTree = "<group>"; };
		FAFD914C28CE12B00061357F /* CoinImageService.swift */ = {isa = PBXFileReference; lastKnownFileType = sourcecode.swift; path = CoinImageService.swift; sourceTree = "<group>"; };
		FAFD914E28CE15080061357F /* CoinImageViewModel.swift */ = {isa = PBXFileReference; lastKnownFileType = sourcecode.swift; path = CoinImageViewModel.swift; sourceTree = "<group>"; };
		FAFD915928CF62D50061357F /* LocalFileManager.swift */ = {isa = PBXFileReference; lastKnownFileType = sourcecode.swift; path = LocalFileManager.swift; sourceTree = "<group>"; };
		FAFD915B28CFAE870061357F /* SearchBarView.swift */ = {isa = PBXFileReference; lastKnownFileType = sourcecode.swift; path = SearchBarView.swift; sourceTree = "<group>"; };
		FAFD915D28CFB6110061357F /* UIApplication.swift */ = {isa = PBXFileReference; lastKnownFileType = sourcecode.swift; path = UIApplication.swift; sourceTree = "<group>"; };
/* End PBXFileReference section */

/* Begin PBXFrameworksBuildPhase section */
		FA21FEB928C20107000E4FF5 /* Frameworks */ = {
			isa = PBXFrameworksBuildPhase;
			buildActionMask = 2147483647;
			files = (
			);
			runOnlyForDeploymentPostprocessing = 0;
		};
		FA21FEC928C2010B000E4FF5 /* Frameworks */ = {
			isa = PBXFrameworksBuildPhase;
			buildActionMask = 2147483647;
			files = (
			);
			runOnlyForDeploymentPostprocessing = 0;
		};
		FA21FED328C2010B000E4FF5 /* Frameworks */ = {
			isa = PBXFrameworksBuildPhase;
			buildActionMask = 2147483647;
			files = (
			);
			runOnlyForDeploymentPostprocessing = 0;
		};
/* End PBXFrameworksBuildPhase section */

/* Begin PBXGroup section */
		FA21FEB328C20107000E4FF5 = {
			isa = PBXGroup;
			children = (
				FA21FEBE28C20107000E4FF5 /* CryptoT */,
				FA21FECF28C2010B000E4FF5 /* CryptoTTests */,
				FA21FED928C2010B000E4FF5 /* CryptoTUITests */,
				FA21FEBD28C20107000E4FF5 /* Products */,
			);
			sourceTree = "<group>";
		};
		FA21FEBD28C20107000E4FF5 /* Products */ = {
			isa = PBXGroup;
			children = (
				FA21FEBC28C20107000E4FF5 /* CryptoT.app */,
				FA21FECC28C2010B000E4FF5 /* CryptoTTests.xctest */,
				FA21FED628C2010B000E4FF5 /* CryptoTUITests.xctest */,
			);
			name = Products;
			sourceTree = "<group>";
		};
		FA21FEBE28C20107000E4FF5 /* CryptoT */ = {
			isa = PBXGroup;
			children = (
				FA21FEBF28C20107000E4FF5 /* CryptoTApp.swift */,
				FAFD914628CDCA6E0061357F /* Utilities */,
				FA21FEE928C25A32000E4FF5 /* Extensions */,
				FAFD90EF28CC82D00061357F /* Services */,
				FAFD90E628CB86440061357F /* Model */,
				FAFD90D828CB2B7D0061357F /* Core */,
				FA21FEC328C2010B000E4FF5 /* Assets.xcassets */,
				FA21FEC528C2010B000E4FF5 /* Preview Content */,
			);
			path = CryptoT;
			sourceTree = "<group>";
		};
		FA21FEC528C2010B000E4FF5 /* Preview Content */ = {
			isa = PBXGroup;
			children = (
				FA21FEC628C2010B000E4FF5 /* Preview Assets.xcassets */,
			);
			path = "Preview Content";
			sourceTree = "<group>";
		};
		FA21FECF28C2010B000E4FF5 /* CryptoTTests */ = {
			isa = PBXGroup;
			children = (
				FAF4320328E18F4600091911 /* ServiceTests */,
				FA2264C928D9A386000C9C38 /* HomeViewModelTests */,
				FA2264CA28D9A3C9000C9C38 /* DetailViewModelTests */,
				FA21FED028C2010B000E4FF5 /* CryptoTTests.swift */,
			);
			path = CryptoTTests;
			sourceTree = "<group>";
		};
		FA21FED928C2010B000E4FF5 /* CryptoTUITests */ = {
			isa = PBXGroup;
			children = (
				FA21FEDA28C2010B000E4FF5 /* CryptoTUITests.swift */,
				FA21FEDC28C2010B000E4FF5 /* CryptoTUITestsLaunchTests.swift */,
			);
			path = CryptoTUITests;
			sourceTree = "<group>";
		};
		FA21FEE928C25A32000E4FF5 /* Extensions */ = {
			isa = PBXGroup;
			children = (
				FA21FEEA28C25A57000E4FF5 /* Color.swift */,
				FAFD90E928CB8D6B0061357F /* PreviewProvider.swift */,
				FAFD90EB28CB94E50061357F /* Double.swift */,
				FAFD915D28CFB6110061357F /* UIApplication.swift */,
				FA8497F428D24E7500EE5423 /* Date.swift */,
				FA8497F628D2FE9B00EE5423 /* String.swift */,
			);
			path = Extensions;
			sourceTree = "<group>";
		};
		FA2264C928D9A386000C9C38 /* HomeViewModelTests */ = {
			isa = PBXGroup;
			children = (
				FAF4320828E1AC1800091911 /* MockCoinDataService.swift */,
				FAF4320A28E1AC5700091911 /* HomeViewModelTests.swift */,
			);
			path = HomeViewModelTests;
			sourceTree = "<group>";
		};
		FA2264CA28D9A3C9000C9C38 /* DetailViewModelTests */ = {
			isa = PBXGroup;
			children = (
			);
			path = DetailViewModelTests;
			sourceTree = "<group>";
		};
		FA8497E728D1F53900EE5423 /* Detail */ = {
			isa = PBXGroup;
			children = (
				FA8497E828D1F59300EE5423 /* ViewModels */,
				FA8497E928D1F5A200EE5423 /* Views */,
			);
			path = Detail;
			sourceTree = "<group>";
		};
		FA8497E828D1F59300EE5423 /* ViewModels */ = {
			isa = PBXGroup;
			children = (
				FA8497EE28D21AE700EE5423 /* DetailViewModel.swift */,
			);
			path = ViewModels;
			sourceTree = "<group>";
		};
		FA8497E928D1F5A200EE5423 /* Views */ = {
			isa = PBXGroup;
			children = (
				FA8497EA28D1F5D800EE5423 /* DetailView.swift */,
				FA8497F228D2428600EE5423 /* ChartView.swift */,
			);
			path = Views;
			sourceTree = "<group>";
		};
		FA8497F828D307A600EE5423 /* Settings */ = {
			isa = PBXGroup;
			children = (
				FA8497F928D307FA00EE5423 /* Views */,
			);
			path = Settings;
			sourceTree = "<group>";
		};
		FA8497F928D307FA00EE5423 /* Views */ = {
			isa = PBXGroup;
			children = (
				FA8497FA28D3083000EE5423 /* SettingsView.swift */,
			);
			path = Views;
			sourceTree = "<group>";
		};
		FA8497FC28D3213F00EE5423 /* Launch */ = {
			isa = PBXGroup;
			children = (
				FA8497FD28D3216600EE5423 /* Views */,
			);
			path = Launch;
			sourceTree = "<group>";
		};
		FA8497FD28D3216600EE5423 /* Views */ = {
			isa = PBXGroup;
			children = (
				FA8497FE28D3219900EE5423 /* LaunchScreen.storyboard */,
			);
			path = Views;
			sourceTree = "<group>";
		};
		FAF4320328E18F4600091911 /* ServiceTests */ = {
			isa = PBXGroup;
			children = (
				FAF4320428E18F6500091911 /* MockURLProtocol.swift */,
				FAF4320628E18FBB00091911 /* CoinDataServiceTests.swift */,
			);
			path = ServiceTests;
			sourceTree = "<group>";
		};
		FAFD90D828CB2B7D0061357F /* Core */ = {
			isa = PBXGroup;
			children = (
				FAFD90DE28CB2DCB0061357F /* Components */,
				FA8497FC28D3213F00EE5423 /* Launch */,
				FAFD90D928CB2B9B0061357F /* Home */,
				FA8497F828D307A600EE5423 /* Settings */,
				FA8497E728D1F53900EE5423 /* Detail */,
			);
			path = Core;
			sourceTree = "<group>";
		};
		FAFD90D928CB2B9B0061357F /* Home */ = {
			isa = PBXGroup;
			children = (
				FAFD90DB28CB2BBE0061357F /* ViewModels */,
				FAFD90DA28CB2BAE0061357F /* Views */,
			);
			path = Home;
			sourceTree = "<group>";
		};
		FAFD90DA28CB2BAE0061357F /* Views */ = {
			isa = PBXGroup;
			children = (
				FAFD90DC28CB2BF00061357F /* HomeView.swift */,
				FAFB5C5D28D070C400E6618E /* HomeStatsView.swift */,
				FAFD90E428CB860A0061357F /* CoinRowView.swift */,
				FAFB5C6328D0B5ED00E6618E /* PortfolioView.swift */,
			);
			path = Views;
			sourceTree = "<group>";
		};
		FAFD90DB28CB2BBE0061357F /* ViewModels */ = {
			isa = PBXGroup;
			children = (
				FAFD90ED28CB988E0061357F /* HomeViewModel.swift */,
			);
			path = ViewModels;
			sourceTree = "<group>";
		};
		FAFD90DE28CB2DCB0061357F /* Components */ = {
			isa = PBXGroup;
			children = (
				FAFD914928CE10290061357F /* CoinImage */,
				FAFD90DF28CB2DE70061357F /* CircleButton */,
				FAFD915B28CFAE870061357F /* SearchBarView.swift */,
				FAFB5C5B28D06BEB00E6618E /* StatisticView.swift */,
				FAFB5C6528D0B95D00E6618E /* XMarkButton.swift */,
			);
			path = Components;
			sourceTree = "<group>";
		};
		FAFD90DF28CB2DE70061357F /* CircleButton */ = {
			isa = PBXGroup;
			children = (
				FAFD90E028CB2E080061357F /* CircleButtonView.swift */,
				FAFD90E228CB41410061357F /* CircleButtonAnimationView.swift */,
			);
			path = CircleButton;
			sourceTree = "<group>";
		};
		FAFD90E628CB86440061357F /* Model */ = {
			isa = PBXGroup;
			children = (
				FAFD90E728CB86670061357F /* Coin.swift */,
				FA8497EC28D2151900EE5423 /* CoinDetail.swift */,
				FAFB5C5928D06A4100E6618E /* Statistic.swift */,
				FAFB5C5F28D078DE00E6618E /* MarketData.swift */,
				FAFB5C6928D0DF7100E6618E /* PortfolioContainer.xcdatamodeld */,
			);
			path = Model;
			sourceTree = "<group>";
		};
		FAFD90EF28CC82D00061357F /* Services */ = {
			isa = PBXGroup;
			children = (
				FAFD90F028CC83360061357F /* CoinDataService.swift */,
				FA8497F028D21B2600EE5423 /* CoinDetailDataService.swift */,
				FAFD914C28CE12B00061357F /* CoinImageService.swift */,
				FAFB5C6128D07EC800E6618E /* MarketDataService.swift */,
				FAFB5C6C28D0E05700E6618E /* PortfolioDataService.swift */,
			);
			path = Services;
			sourceTree = "<group>";
		};
		FAFD914628CDCA6E0061357F /* Utilities */ = {
			isa = PBXGroup;
			children = (
				FAFD914728CDCADB0061357F /* NetworkingManager.swift */,
				FAFD915928CF62D50061357F /* LocalFileManager.swift */,
				FA8497E528D1BCAF00EE5423 /* HapticManager.swift */,
				FA2264C728D99FF0000C9C38 /* ObservableValue.swift */,
			);
			path = Utilities;
			sourceTree = "<group>";
		};
		FAFD914928CE10290061357F /* CoinImage */ = {
			isa = PBXGroup;
			children = (
				FAFD914A28CE10490061357F /* CoinImageView.swift */,
				FAFD914E28CE15080061357F /* CoinImageViewModel.swift */,
				FAFB5C6728D0C13600E6618E /* CoinLogoView.swift */,
			);
			path = CoinImage;
			sourceTree = "<group>";
		};
/* End PBXGroup section */

/* Begin PBXNativeTarget section */
		FA21FEBB28C20107000E4FF5 /* CryptoT */ = {
			isa = PBXNativeTarget;
			buildConfigurationList = FA21FEE028C2010B000E4FF5 /* Build configuration list for PBXNativeTarget "CryptoT" */;
			buildPhases = (
				FA21FEB828C20107000E4FF5 /* Sources */,
				FA21FEB928C20107000E4FF5 /* Frameworks */,
				FA21FEBA28C20107000E4FF5 /* Resources */,
			);
			buildRules = (
			);
			dependencies = (
			);
			name = CryptoT;
			productName = CryptoT;
			productReference = FA21FEBC28C20107000E4FF5 /* CryptoT.app */;
			productType = "com.apple.product-type.application";
		};
		FA21FECB28C2010B000E4FF5 /* CryptoTTests */ = {
			isa = PBXNativeTarget;
			buildConfigurationList = FA21FEE328C2010B000E4FF5 /* Build configuration list for PBXNativeTarget "CryptoTTests" */;
			buildPhases = (
				FA21FEC828C2010B000E4FF5 /* Sources */,
				FA21FEC928C2010B000E4FF5 /* Frameworks */,
				FA21FECA28C2010B000E4FF5 /* Resources */,
			);
			buildRules = (
			);
			dependencies = (
				FA21FECE28C2010B000E4FF5 /* PBXTargetDependency */,
			);
			name = CryptoTTests;
			productName = CryptoTTests;
			productReference = FA21FECC28C2010B000E4FF5 /* CryptoTTests.xctest */;
			productType = "com.apple.product-type.bundle.unit-test";
		};
		FA21FED528C2010B000E4FF5 /* CryptoTUITests */ = {
			isa = PBXNativeTarget;
			buildConfigurationList = FA21FEE628C2010B000E4FF5 /* Build configuration list for PBXNativeTarget "CryptoTUITests" */;
			buildPhases = (
				FA21FED228C2010B000E4FF5 /* Sources */,
				FA21FED328C2010B000E4FF5 /* Frameworks */,
				FA21FED428C2010B000E4FF5 /* Resources */,
			);
			buildRules = (
			);
			dependencies = (
				FA21FED828C2010B000E4FF5 /* PBXTargetDependency */,
			);
			name = CryptoTUITests;
			productName = CryptoTUITests;
			productReference = FA21FED628C2010B000E4FF5 /* CryptoTUITests.xctest */;
			productType = "com.apple.product-type.bundle.ui-testing";
		};
/* End PBXNativeTarget section */

/* Begin PBXProject section */
		FA21FEB428C20107000E4FF5 /* Project object */ = {
			isa = PBXProject;
			attributes = {
				BuildIndependentTargetsInParallel = 1;
				LastSwiftUpdateCheck = 1340;
				LastUpgradeCheck = 1340;
				TargetAttributes = {
					FA21FEBB28C20107000E4FF5 = {
						CreatedOnToolsVersion = 13.4.1;
					};
					FA21FECB28C2010B000E4FF5 = {
						CreatedOnToolsVersion = 13.4.1;
						TestTargetID = FA21FEBB28C20107000E4FF5;
					};
					FA21FED528C2010B000E4FF5 = {
						CreatedOnToolsVersion = 13.4.1;
						TestTargetID = FA21FEBB28C20107000E4FF5;
					};
				};
			};
			buildConfigurationList = FA21FEB728C20107000E4FF5 /* Build configuration list for PBXProject "CryptoT" */;
			compatibilityVersion = "Xcode 13.0";
			developmentRegion = en;
			hasScannedForEncodings = 0;
			knownRegions = (
				en,
				Base,
			);
			mainGroup = FA21FEB328C20107000E4FF5;
			productRefGroup = FA21FEBD28C20107000E4FF5 /* Products */;
			projectDirPath = "";
			projectRoot = "";
			targets = (
				FA21FEBB28C20107000E4FF5 /* CryptoT */,
				FA21FECB28C2010B000E4FF5 /* CryptoTTests */,
				FA21FED528C2010B000E4FF5 /* CryptoTUITests */,
			);
		};
/* End PBXProject section */

/* Begin PBXResourcesBuildPhase section */
		FA21FEBA28C20107000E4FF5 /* Resources */ = {
			isa = PBXResourcesBuildPhase;
			buildActionMask = 2147483647;
			files = (
				FA8497FF28D3219900EE5423 /* LaunchScreen.storyboard in Resources */,
				FA21FEC728C2010B000E4FF5 /* Preview Assets.xcassets in Resources */,
				FA21FEC428C2010B000E4FF5 /* Assets.xcassets in Resources */,
			);
			runOnlyForDeploymentPostprocessing = 0;
		};
		FA21FECA28C2010B000E4FF5 /* Resources */ = {
			isa = PBXResourcesBuildPhase;
			buildActionMask = 2147483647;
			files = (
			);
			runOnlyForDeploymentPostprocessing = 0;
		};
		FA21FED428C2010B000E4FF5 /* Resources */ = {
			isa = PBXResourcesBuildPhase;
			buildActionMask = 2147483647;
			files = (
			);
			runOnlyForDeploymentPostprocessing = 0;
		};
/* End PBXResourcesBuildPhase section */

/* Begin PBXSourcesBuildPhase section */
		FA21FEB828C20107000E4FF5 /* Sources */ = {
			isa = PBXSourcesBuildPhase;
			buildActionMask = 2147483647;
			files = (
				FAFB5C6B28D0DF7100E6618E /* PortfolioContainer.xcdatamodeld in Sources */,
				FAFD90F128CC83360061357F /* CoinDataService.swift in Sources */,
				FA8497F328D2428600EE5423 /* ChartView.swift in Sources */,
				FAFD90EE28CB988E0061357F /* HomeViewModel.swift in Sources */,
				FAFB5C6628D0B95D00E6618E /* XMarkButton.swift in Sources */,
				FAFB5C6028D078DE00E6618E /* MarketData.swift in Sources */,
				FA8497F528D24E7500EE5423 /* Date.swift in Sources */,
				FAFD90DD28CB2BF00061357F /* HomeView.swift in Sources */,
				FA8497ED28D2151900EE5423 /* CoinDetail.swift in Sources */,
				FAFD915A28CF62D50061357F /* LocalFileManager.swift in Sources */,
				FA21FEC028C20107000E4FF5 /* CryptoTApp.swift in Sources */,
				FAFD914B28CE10490061357F /* CoinImageView.swift in Sources */,
				FAFB5C5C28D06BEB00E6618E /* StatisticView.swift in Sources */,
				FAFD90E128CB2E080061357F /* CircleButtonView.swift in Sources */,
				FAFD915E28CFB6110061357F /* UIApplication.swift in Sources */,
				FA21FEEB28C25A57000E4FF5 /* Color.swift in Sources */,
				FAFD90E528CB860A0061357F /* CoinRowView.swift in Sources */,
				FAFD915C28CFAE870061357F /* SearchBarView.swift in Sources */,
				FA8497EB28D1F5D800EE5423 /* DetailView.swift in Sources */,
				FA8497E628D1BCB000EE5423 /* HapticManager.swift in Sources */,
				FAFD914828CDCADB0061357F /* NetworkingManager.swift in Sources */,
				FAFD90E828CB86670061357F /* Coin.swift in Sources */,
				FAFB5C6828D0C13600E6618E /* CoinLogoView.swift in Sources */,
				FAFB5C5E28D070C400E6618E /* HomeStatsView.swift in Sources */,
				FAFB5C6228D07EC800E6618E /* MarketDataService.swift in Sources */,
				FAFD914F28CE15080061357F /* CoinImageViewModel.swift in Sources */,
				FA8497F728D2FE9B00EE5423 /* String.swift in Sources */,
				FAFD90EA28CB8D6B0061357F /* PreviewProvider.swift in Sources */,
				FAFD90EC28CB94E50061357F /* Double.swift in Sources */,
				FAFB5C6428D0B5ED00E6618E /* PortfolioView.swift in Sources */,
				FAFD914D28CE12B00061357F /* CoinImageService.swift in Sources */,
				FAFB5C5A28D06A4100E6618E /* Statistic.swift in Sources */,
				FAFD90E328CB41410061357F /* CircleButtonAnimationView.swift in Sources */,
				FA8497F128D21B2600EE5423 /* CoinDetailDataService.swift in Sources */,
				FA8497EF28D21AE700EE5423 /* DetailViewModel.swift in Sources */,
				FAFB5C6D28D0E05700E6618E /* PortfolioDataService.swift in Sources */,
				FA2264C828D99FF0000C9C38 /* ObservableValue.swift in Sources */,
				FA8497FB28D3083000EE5423 /* SettingsView.swift in Sources */,
			);
			runOnlyForDeploymentPostprocessing = 0;
		};
		FA21FEC828C2010B000E4FF5 /* Sources */ = {
			isa = PBXSourcesBuildPhase;
			buildActionMask = 2147483647;
			files = (
				FAF4320B28E1AC5700091911 /* HomeViewModelTests.swift in Sources */,
				FAF4320728E18FBB00091911 /* CoinDataServiceTests.swift in Sources */,
				FA21FED128C2010B000E4FF5 /* CryptoTTests.swift in Sources */,
				FAF4320928E1AC1800091911 /* MockCoinDataService.swift in Sources */,
				FAF4320528E18F6500091911 /* MockURLProtocol.swift in Sources */,
			);
			runOnlyForDeploymentPostprocessing = 0;
		};
		FA21FED228C2010B000E4FF5 /* Sources */ = {
			isa = PBXSourcesBuildPhase;
			buildActionMask = 2147483647;
			files = (
				FA21FEDD28C2010B000E4FF5 /* CryptoTUITestsLaunchTests.swift in Sources */,
				FA21FEDB28C2010B000E4FF5 /* CryptoTUITests.swift in Sources */,
			);
			runOnlyForDeploymentPostprocessing = 0;
		};
/* End PBXSourcesBuildPhase section */

/* Begin PBXTargetDependency section */
		FA21FECE28C2010B000E4FF5 /* PBXTargetDependency */ = {
			isa = PBXTargetDependency;
			target = FA21FEBB28C20107000E4FF5 /* CryptoT */;
			targetProxy = FA21FECD28C2010B000E4FF5 /* PBXContainerItemProxy */;
		};
		FA21FED828C2010B000E4FF5 /* PBXTargetDependency */ = {
			isa = PBXTargetDependency;
			target = FA21FEBB28C20107000E4FF5 /* CryptoT */;
			targetProxy = FA21FED728C2010B000E4FF5 /* PBXContainerItemProxy */;
		};
/* End PBXTargetDependency section */

/* Begin XCBuildConfiguration section */
		FA21FEDE28C2010B000E4FF5 /* Debug */ = {
			isa = XCBuildConfiguration;
			buildSettings = {
				ALWAYS_SEARCH_USER_PATHS = NO;
				CLANG_ANALYZER_NONNULL = YES;
				CLANG_ANALYZER_NUMBER_OBJECT_CONVERSION = YES_AGGRESSIVE;
				CLANG_CXX_LANGUAGE_STANDARD = "gnu++17";
				CLANG_ENABLE_MODULES = YES;
				CLANG_ENABLE_OBJC_ARC = YES;
				CLANG_ENABLE_OBJC_WEAK = YES;
				CLANG_WARN_BLOCK_CAPTURE_AUTORELEASING = YES;
				CLANG_WARN_BOOL_CONVERSION = YES;
				CLANG_WARN_COMMA = YES;
				CLANG_WARN_CONSTANT_CONVERSION = YES;
				CLANG_WARN_DEPRECATED_OBJC_IMPLEMENTATIONS = YES;
				CLANG_WARN_DIRECT_OBJC_ISA_USAGE = YES_ERROR;
				CLANG_WARN_DOCUMENTATION_COMMENTS = YES;
				CLANG_WARN_EMPTY_BODY = YES;
				CLANG_WARN_ENUM_CONVERSION = YES;
				CLANG_WARN_INFINITE_RECURSION = YES;
				CLANG_WARN_INT_CONVERSION = YES;
				CLANG_WARN_NON_LITERAL_NULL_CONVERSION = YES;
				CLANG_WARN_OBJC_IMPLICIT_RETAIN_SELF = YES;
				CLANG_WARN_OBJC_LITERAL_CONVERSION = YES;
				CLANG_WARN_OBJC_ROOT_CLASS = YES_ERROR;
				CLANG_WARN_QUOTED_INCLUDE_IN_FRAMEWORK_HEADER = YES;
				CLANG_WARN_RANGE_LOOP_ANALYSIS = YES;
				CLANG_WARN_STRICT_PROTOTYPES = YES;
				CLANG_WARN_SUSPICIOUS_MOVE = YES;
				CLANG_WARN_UNGUARDED_AVAILABILITY = YES_AGGRESSIVE;
				CLANG_WARN_UNREACHABLE_CODE = YES;
				CLANG_WARN__DUPLICATE_METHOD_MATCH = YES;
				COPY_PHASE_STRIP = NO;
				DEBUG_INFORMATION_FORMAT = dwarf;
				ENABLE_STRICT_OBJC_MSGSEND = YES;
				ENABLE_TESTABILITY = YES;
				GCC_C_LANGUAGE_STANDARD = gnu11;
				GCC_DYNAMIC_NO_PIC = NO;
				GCC_NO_COMMON_BLOCKS = YES;
				GCC_OPTIMIZATION_LEVEL = 0;
				GCC_PREPROCESSOR_DEFINITIONS = (
					"DEBUG=1",
					"$(inherited)",
				);
				GCC_WARN_64_TO_32_BIT_CONVERSION = YES;
				GCC_WARN_ABOUT_RETURN_TYPE = YES_ERROR;
				GCC_WARN_UNDECLARED_SELECTOR = YES;
				GCC_WARN_UNINITIALIZED_AUTOS = YES_AGGRESSIVE;
				GCC_WARN_UNUSED_FUNCTION = YES;
				GCC_WARN_UNUSED_VARIABLE = YES;
				IPHONEOS_DEPLOYMENT_TARGET = 15.5;
				MTL_ENABLE_DEBUG_INFO = INCLUDE_SOURCE;
				MTL_FAST_MATH = YES;
				ONLY_ACTIVE_ARCH = YES;
				SDKROOT = iphoneos;
				SWIFT_ACTIVE_COMPILATION_CONDITIONS = DEBUG;
				SWIFT_OPTIMIZATION_LEVEL = "-Onone";
			};
			name = Debug;
		};
		FA21FEDF28C2010B000E4FF5 /* Release */ = {
			isa = XCBuildConfiguration;
			buildSettings = {
				ALWAYS_SEARCH_USER_PATHS = NO;
				CLANG_ANALYZER_NONNULL = YES;
				CLANG_ANALYZER_NUMBER_OBJECT_CONVERSION = YES_AGGRESSIVE;
				CLANG_CXX_LANGUAGE_STANDARD = "gnu++17";
				CLANG_ENABLE_MODULES = YES;
				CLANG_ENABLE_OBJC_ARC = YES;
				CLANG_ENABLE_OBJC_WEAK = YES;
				CLANG_WARN_BLOCK_CAPTURE_AUTORELEASING = YES;
				CLANG_WARN_BOOL_CONVERSION = YES;
				CLANG_WARN_COMMA = YES;
				CLANG_WARN_CONSTANT_CONVERSION = YES;
				CLANG_WARN_DEPRECATED_OBJC_IMPLEMENTATIONS = YES;
				CLANG_WARN_DIRECT_OBJC_ISA_USAGE = YES_ERROR;
				CLANG_WARN_DOCUMENTATION_COMMENTS = YES;
				CLANG_WARN_EMPTY_BODY = YES;
				CLANG_WARN_ENUM_CONVERSION = YES;
				CLANG_WARN_INFINITE_RECURSION = YES;
				CLANG_WARN_INT_CONVERSION = YES;
				CLANG_WARN_NON_LITERAL_NULL_CONVERSION = YES;
				CLANG_WARN_OBJC_IMPLICIT_RETAIN_SELF = YES;
				CLANG_WARN_OBJC_LITERAL_CONVERSION = YES;
				CLANG_WARN_OBJC_ROOT_CLASS = YES_ERROR;
				CLANG_WARN_QUOTED_INCLUDE_IN_FRAMEWORK_HEADER = YES;
				CLANG_WARN_RANGE_LOOP_ANALYSIS = YES;
				CLANG_WARN_STRICT_PROTOTYPES = YES;
				CLANG_WARN_SUSPICIOUS_MOVE = YES;
				CLANG_WARN_UNGUARDED_AVAILABILITY = YES_AGGRESSIVE;
				CLANG_WARN_UNREACHABLE_CODE = YES;
				CLANG_WARN__DUPLICATE_METHOD_MATCH = YES;
				COPY_PHASE_STRIP = NO;
				DEBUG_INFORMATION_FORMAT = "dwarf-with-dsym";
				ENABLE_NS_ASSERTIONS = NO;
				ENABLE_STRICT_OBJC_MSGSEND = YES;
				GCC_C_LANGUAGE_STANDARD = gnu11;
				GCC_NO_COMMON_BLOCKS = YES;
				GCC_WARN_64_TO_32_BIT_CONVERSION = YES;
				GCC_WARN_ABOUT_RETURN_TYPE = YES_ERROR;
				GCC_WARN_UNDECLARED_SELECTOR = YES;
				GCC_WARN_UNINITIALIZED_AUTOS = YES_AGGRESSIVE;
				GCC_WARN_UNUSED_FUNCTION = YES;
				GCC_WARN_UNUSED_VARIABLE = YES;
				IPHONEOS_DEPLOYMENT_TARGET = 15.5;
				MTL_ENABLE_DEBUG_INFO = NO;
				MTL_FAST_MATH = YES;
				SDKROOT = iphoneos;
				SWIFT_COMPILATION_MODE = wholemodule;
				SWIFT_OPTIMIZATION_LEVEL = "-O";
				VALIDATE_PRODUCT = YES;
			};
			name = Release;
		};
		FA21FEE128C2010B000E4FF5 /* Debug */ = {
			isa = XCBuildConfiguration;
			buildSettings = {
				ASSETCATALOG_COMPILER_APPICON_NAME = AppIcon;
				ASSETCATALOG_COMPILER_GLOBAL_ACCENT_COLOR_NAME = AccentColor;
				CODE_SIGN_STYLE = Automatic;
				CURRENT_PROJECT_VERSION = 1;
				DEVELOPMENT_ASSET_PATHS = "\"CryptoT/Preview Content\"";
				DEVELOPMENT_TEAM = YV7MJBA2GX;
				ENABLE_PREVIEWS = YES;
				GENERATE_INFOPLIST_FILE = YES;
				INFOPLIST_KEY_UIApplicationSceneManifest_Generation = YES;
				INFOPLIST_KEY_UIApplicationSupportsIndirectInputEvents = YES;
				INFOPLIST_KEY_UILaunchScreen_Generation = YES;
				INFOPLIST_KEY_UILaunchStoryboardName = LaunchScreen.storyboard;
				INFOPLIST_KEY_UISupportedInterfaceOrientations = UIInterfaceOrientationPortrait;
				LD_RUNPATH_SEARCH_PATHS = (
					"$(inherited)",
					"@executable_path/Frameworks",
				);
				MARKETING_VERSION = 1.0;
				PRODUCT_BUNDLE_IDENTIFIER = com.pierre.CryptoT;
				PRODUCT_NAME = "$(TARGET_NAME)";
				SWIFT_EMIT_LOC_STRINGS = YES;
				SWIFT_VERSION = 5.0;
				TARGETED_DEVICE_FAMILY = "1,2";
			};
			name = Debug;
		};
		FA21FEE228C2010B000E4FF5 /* Release */ = {
			isa = XCBuildConfiguration;
			buildSettings = {
				ASSETCATALOG_COMPILER_APPICON_NAME = AppIcon;
				ASSETCATALOG_COMPILER_GLOBAL_ACCENT_COLOR_NAME = AccentColor;
				CODE_SIGN_STYLE = Automatic;
				CURRENT_PROJECT_VERSION = 1;
				DEVELOPMENT_ASSET_PATHS = "\"CryptoT/Preview Content\"";
				DEVELOPMENT_TEAM = YV7MJBA2GX;
				ENABLE_PREVIEWS = YES;
				GENERATE_INFOPLIST_FILE = YES;
				INFOPLIST_KEY_UIApplicationSceneManifest_Generation = YES;
				INFOPLIST_KEY_UIApplicationSupportsIndirectInputEvents = YES;
				INFOPLIST_KEY_UILaunchScreen_Generation = YES;
				INFOPLIST_KEY_UILaunchStoryboardName = LaunchScreen.storyboard;
				INFOPLIST_KEY_UISupportedInterfaceOrientations = UIInterfaceOrientationPortrait;
				LD_RUNPATH_SEARCH_PATHS = (
					"$(inherited)",
					"@executable_path/Frameworks",
				);
				MARKETING_VERSION = 1.0;
				PRODUCT_BUNDLE_IDENTIFIER = com.pierre.CryptoT;
				PRODUCT_NAME = "$(TARGET_NAME)";
				SWIFT_EMIT_LOC_STRINGS = YES;
				SWIFT_VERSION = 5.0;
				TARGETED_DEVICE_FAMILY = "1,2";
			};
			name = Release;
		};
		FA21FEE428C2010B000E4FF5 /* Debug */ = {
			isa = XCBuildConfiguration;
			buildSettings = {
				ALWAYS_EMBED_SWIFT_STANDARD_LIBRARIES = YES;
				BUNDLE_LOADER = "$(TEST_HOST)";
				CODE_SIGN_STYLE = Automatic;
				CURRENT_PROJECT_VERSION = 1;
				DEVELOPMENT_TEAM = YV7MJBA2GX;
				GENERATE_INFOPLIST_FILE = YES;
				IPHONEOS_DEPLOYMENT_TARGET = 15.5;
				MARKETING_VERSION = 1.0;
				PRODUCT_BUNDLE_IDENTIFIER = com.pierre.CryptoTTests;
				PRODUCT_NAME = "$(TARGET_NAME)";
				SWIFT_EMIT_LOC_STRINGS = NO;
				SWIFT_VERSION = 5.0;
				TARGETED_DEVICE_FAMILY = "1,2";
				TEST_HOST = "$(BUILT_PRODUCTS_DIR)/CryptoT.app/CryptoT";
			};
			name = Debug;
		};
		FA21FEE528C2010B000E4FF5 /* Release */ = {
			isa = XCBuildConfiguration;
			buildSettings = {
				ALWAYS_EMBED_SWIFT_STANDARD_LIBRARIES = YES;
				BUNDLE_LOADER = "$(TEST_HOST)";
				CODE_SIGN_STYLE = Automatic;
				CURRENT_PROJECT_VERSION = 1;
				DEVELOPMENT_TEAM = YV7MJBA2GX;
				GENERATE_INFOPLIST_FILE = YES;
				IPHONEOS_DEPLOYMENT_TARGET = 15.5;
				MARKETING_VERSION = 1.0;
				PRODUCT_BUNDLE_IDENTIFIER = com.pierre.CryptoTTests;
				PRODUCT_NAME = "$(TARGET_NAME)";
				SWIFT_EMIT_LOC_STRINGS = NO;
				SWIFT_VERSION = 5.0;
				TARGETED_DEVICE_FAMILY = "1,2";
				TEST_HOST = "$(BUILT_PRODUCTS_DIR)/CryptoT.app/CryptoT";
			};
			name = Release;
		};
		FA21FEE728C2010B000E4FF5 /* Debug */ = {
			isa = XCBuildConfiguration;
			buildSettings = {
				ALWAYS_EMBED_SWIFT_STANDARD_LIBRARIES = YES;
				CODE_SIGN_STYLE = Automatic;
				CURRENT_PROJECT_VERSION = 1;
				DEVELOPMENT_TEAM = YV7MJBA2GX;
				GENERATE_INFOPLIST_FILE = YES;
				MARKETING_VERSION = 1.0;
				PRODUCT_BUNDLE_IDENTIFIER = com.pierre.CryptoTUITests;
				PRODUCT_NAME = "$(TARGET_NAME)";
				SWIFT_EMIT_LOC_STRINGS = NO;
				SWIFT_VERSION = 5.0;
				TARGETED_DEVICE_FAMILY = "1,2";
				TEST_TARGET_NAME = CryptoT;
			};
			name = Debug;
		};
		FA21FEE828C2010B000E4FF5 /* Release */ = {
			isa = XCBuildConfiguration;
			buildSettings = {
				ALWAYS_EMBED_SWIFT_STANDARD_LIBRARIES = YES;
				CODE_SIGN_STYLE = Automatic;
				CURRENT_PROJECT_VERSION = 1;
				DEVELOPMENT_TEAM = YV7MJBA2GX;
				GENERATE_INFOPLIST_FILE = YES;
				MARKETING_VERSION = 1.0;
				PRODUCT_BUNDLE_IDENTIFIER = com.pierre.CryptoTUITests;
				PRODUCT_NAME = "$(TARGET_NAME)";
				SWIFT_EMIT_LOC_STRINGS = NO;
				SWIFT_VERSION = 5.0;
				TARGETED_DEVICE_FAMILY = "1,2";
				TEST_TARGET_NAME = CryptoT;
			};
			name = Release;
		};
/* End XCBuildConfiguration section */

/* Begin XCConfigurationList section */
		FA21FEB728C20107000E4FF5 /* Build configuration list for PBXProject "CryptoT" */ = {
			isa = XCConfigurationList;
			buildConfigurations = (
				FA21FEDE28C2010B000E4FF5 /* Debug */,
				FA21FEDF28C2010B000E4FF5 /* Release */,
			);
			defaultConfigurationIsVisible = 0;
			defaultConfigurationName = Release;
		};
		FA21FEE028C2010B000E4FF5 /* Build configuration list for PBXNativeTarget "CryptoT" */ = {
			isa = XCConfigurationList;
			buildConfigurations = (
				FA21FEE128C2010B000E4FF5 /* Debug */,
				FA21FEE228C2010B000E4FF5 /* Release */,
			);
			defaultConfigurationIsVisible = 0;
			defaultConfigurationName = Release;
		};
		FA21FEE328C2010B000E4FF5 /* Build configuration list for PBXNativeTarget "CryptoTTests" */ = {
			isa = XCConfigurationList;
			buildConfigurations = (
				FA21FEE428C2010B000E4FF5 /* Debug */,
				FA21FEE528C2010B000E4FF5 /* Release */,
			);
			defaultConfigurationIsVisible = 0;
			defaultConfigurationName = Release;
		};
		FA21FEE628C2010B000E4FF5 /* Build configuration list for PBXNativeTarget "CryptoTUITests" */ = {
			isa = XCConfigurationList;
			buildConfigurations = (
				FA21FEE728C2010B000E4FF5 /* Debug */,
				FA21FEE828C2010B000E4FF5 /* Release */,
			);
			defaultConfigurationIsVisible = 0;
			defaultConfigurationName = Release;
		};
/* End XCConfigurationList section */

/* Begin XCVersionGroup section */
		FAFB5C6928D0DF7100E6618E /* PortfolioContainer.xcdatamodeld */ = {
			isa = XCVersionGroup;
			children = (
				FAFB5C6A28D0DF7100E6618E /* PortfolioContainer.xcdatamodel */,
			);
			currentVersion = FAFB5C6A28D0DF7100E6618E /* PortfolioContainer.xcdatamodel */;
			path = PortfolioContainer.xcdatamodeld;
			sourceTree = "<group>";
			versionGroupType = wrapper.xcdatamodel;
		};
/* End XCVersionGroup section */
	};
	rootObject = FA21FEB428C20107000E4FF5 /* Project object */;
}
